Microsoft Visual Studio Solution File, Format Version 11.00
# Visual Studio 2008

Project("{DF353ADE-5DC1-9C3C-BD82-FEE10EE758CE}") = "TownDemoTexture", "Assembly-CSharp-firstpass.csproj", "{0F537C09-D5F4-2C7E-E3C5-B53C52897827}"
EndProject
Project("{DF353ADE-5DC1-9C3C-BD82-FEE10EE758CE}") = "TownDemoTexture", "Assembly-CSharp.csproj", "{8DB721AD-167E-CDBC-5A41-3CBA011EDF11}"
EndProject
Project("{DF353ADE-5DC1-9C3C-BD82-FEE10EE758CE}") = "TownDemoTexture", "Assembly-CSharp-Editor.csproj", "{72DD11E7-AFF4-C73B-10A4-D93E1EF28F9A}"
EndProject
Project("{DF353ADE-5DC1-9C3C-BD82-FEE10EE758CE}") = "TownDemoTexture", "Assembly-UnityScript-firstpass.unityproj", "{8F8D056B-32D5-2B65-23F5-3EE0C8525400}"
EndProject
Project("{DF353ADE-5DC1-9C3C-BD82-FEE10EE758CE}") = "TownDemoTexture", "Assembly-UnityScript.unityproj", "{A9E45AAB-F10D-1602-FC9C-FD3332D8CEDD}"
EndProject
Project("{DF353ADE-5DC1-9C3C-BD82-FEE10EE758CE}") = "TownDemoTexture", "Assembly-UnityScript-Editor.unityproj", "{E913C446-6269-FD5E-BA48-72CE21C74EC4}"
EndProject
Global
	GlobalSection(SolutionConfigurationPlatforms) = preSolution
		Debug|Any CPU = Debug|Any CPU
		Release|Any CPU = Release|Any CPU
	EndGlobalSection
	GlobalSection(ProjectConfigurationPlatforms) = postSolution
		{0F537C09-D5F4-2C7E-E3C5-B53C52897827}.Debug|Any CPU.ActiveCfg = Debug|Any CPU
		{0F537C09-D5F4-2C7E-E3C5-B53C52897827}.Debug|Any CPU.Build.0 = Debug|Any CPU
		{0F537C09-D5F4-2C7E-E3C5-B53C52897827}.Release|Any CPU.ActiveCfg = Release|Any CPU
		{0F537C09-D5F4-2C7E-E3C5-B53C52897827}.Release|Any CPU.Build.0 = Release|Any CPU
		{8DB721AD-167E-CDBC-5A41-3CBA011EDF11}.Debug|Any CPU.ActiveCfg = Debug|Any CPU
		{8DB721AD-167E-CDBC-5A41-3CBA011EDF11}.Debug|Any CPU.Build.0 = Debug|Any CPU
		{8DB721AD-167E-CDBC-5A41-3CBA011EDF11}.Release|Any CPU.ActiveCfg = Release|Any CPU
		{8DB721AD-167E-CDBC-5A41-3CBA011EDF11}.Release|Any CPU.Build.0 = Release|Any CPU
		{72DD11E7-AFF4-C73B-10A4-D93E1EF28F9A}.Debug|Any CPU.ActiveCfg = Debug|Any CPU
		{72DD11E7-AFF4-C73B-10A4-D93E1EF28F9A}.Debug|Any CPU.Build.0 = Debug|Any CPU
		{72DD11E7-AFF4-C73B-10A4-D93E1EF28F9A}.Release|Any CPU.ActiveCfg = Release|Any CPU
		{72DD11E7-AFF4-C73B-10A4-D93E1EF28F9A}.Release|Any CPU.Build.0 = Release|Any CPU
		{8F8D056B-32D5-2B65-23F5-3EE0C8525400}.Debug|Any CPU.ActiveCfg = Debug|Any CPU
		{8F8D056B-32D5-2B65-23F5-3EE0C8525400}.Debug|Any CPU.Build.0 = Debug|Any CPU
		{8F8D056B-32D5-2B65-23F5-3EE0C8525400}.Release|Any CPU.ActiveCfg = Release|Any CPU
		{8F8D056B-32D5-2B65-23F5-3EE0C8525400}.Release|Any CPU.Build.0 = Release|Any CPU
		{A9E45AAB-F10D-1602-FC9C-FD3332D8CEDD}.Debug|Any CPU.ActiveCfg = Debug|Any CPU
		{A9E45AAB-F10D-1602-FC9C-FD3332D8CEDD}.Debug|Any CPU.Build.0 = Debug|Any CPU
		{A9E45AAB-F10D-1602-FC9C-FD3332D8CEDD}.Release|Any CPU.ActiveCfg = Release|Any CPU
		{A9E45AAB-F10D-1602-FC9C-FD3332D8CEDD}.Release|Any CPU.Build.0 = Release|Any CPU
		{E913C446-6269-FD5E-BA48-72CE21C74EC4}.Debug|Any CPU.ActiveCfg = Debug|Any CPU
		{E913C446-6269-FD5E-BA48-72CE21C74EC4}.Debug|Any CPU.Build.0 = Debug|Any CPU
		{E913C446-6269-FD5E-BA48-72CE21C74EC4}.Release|Any CPU.ActiveCfg = Release|Any CPU
		{E913C446-6269-FD5E-BA48-72CE21C74EC4}.Release|Any CPU.Build.0 = Release|Any CPU
	EndGlobalSection
	GlobalSection(SolutionProperties) = preSolution
		HideSolutionNode = FALSE
	EndGlobalSection
																																																							GlobalSection(MonoDevelopProperties) = preSolution
		StartupItem = Assembly-CSharp.csproj
		Policies = $0
		$0.TextStylePolicy = $1
		$1.inheritsSet = null
		$1.scope = text/x-csharp
		$0.CSharpFormattingPolicy = $2
		$2.inheritsSet = Mono
		$2.inheritsScope = text/x-csharp
		$2.scope = text/x-csharp
		$0.TextStylePolicy = $3
		$3.FileWidth = 120
		$3.TabWidth = 4
		$3.EolMarker = Unix
		$3.inheritsSet = Mono
		$3.inheritsScope = text/plain
		$3.scope = text/plain
	EndGlobalSection

EndGlobal
